
Microsoft Visual Studio Solution File, Format Version 12.00
# Visual Studio Version 16
VisualStudioVersion = 16.0.31410.357
MinimumVisualStudioVersion = 10.0.40219.1
Project("{9A19103F-16F7-4668-BE54-9A1E7A4F7556}") = "HashTable", "HashTable\HashTable.csproj", "{43BCFF89-4FB3-436D-94B1-E2D8963C2AC0}"
EndProject
Project("{FAE04EC0-301F-11D3-BF4B-00C04F79EFBC}") = "BinarySearchTreeBST", "BinarySearchTreeBST\BinarySearchTreeBST.csproj", "{168DC6D7-3681-4DA0-8664-68330C58FB29}"
EndProject
Global
	GlobalSection(SolutionConfigurationPlatforms) = preSolution
		Debug|Any CPU = Debug|Any CPU
		Release|Any CPU = Release|Any CPU
	EndGlobalSection
	GlobalSection(ProjectConfigurationPlatforms) = postSolution
		{43BCFF89-4FB3-436D-94B1-E2D8963C2AC0}.Debug|Any CPU.ActiveCfg = Debug|Any CPU
		{43BCFF89-4FB3-436D-94B1-E2D8963C2AC0}.Debug|Any CPU.Build.0 = Debug|Any CPU
		{43BCFF89-4FB3-436D-94B1-E2D8963C2AC0}.Release|Any CPU.ActiveCfg = Release|Any CPU
		{43BCFF89-4FB3-436D-94B1-E2D8963C2AC0}.Release|Any CPU.Build.0 = Release|Any CPU
		{168DC6D7-3681-4DA0-8664-68330C58FB29}.Debug|Any CPU.ActiveCfg = Debug|Any CPU
		{168DC6D7-3681-4DA0-8664-68330C58FB29}.Debug|Any CPU.Build.0 = Debug|Any CPU
		{168DC6D7-3681-4DA0-8664-68330C58FB29}.Release|Any CPU.ActiveCfg = Release|Any CPU
		{168DC6D7-3681-4DA0-8664-68330C58FB29}.Release|Any CPU.Build.0 = Release|Any CPU
	EndGlobalSection
	GlobalSection(SolutionProperties) = preSolution
		HideSolutionNode = FALSE
	EndGlobalSection
	GlobalSection(ExtensibilityGlobals) = postSolution
		SolutionGuid = {9AF23C8A-511D-4B7A-BC45-35D471D945A4}
	EndGlobalSection
EndGlobal
